# This file is autogenerated, do not edit; changes may be undone by the next 'dep ensure'.


[[projects]]
  branch = "master"
  name = "github.com/taknuki/go-opentype"
  packages = ["opentype"]
  revision = "0804d0518ebd2dfd23e30b95b4ee310861b16667"

[solve-meta]
  analyzer-name = "dep"
  analyzer-version = 1
  inputs-digest = "e44be6a65d32a1bd9f86fe3bafb0c5b31c3b6e8d61f3c0ef05f074d86a23d715"
  solver-name = "gps-cdcl"
  solver-version = 1
